// !$*UTF8*$!
{
	archiveVersion = 1;
	classes = {
	};
	objectVersion = 56;
	objects = {

/* Begin PBXBuildFile section */
		BCAC7AC72A25DBFC00AF5E26 /* Lesson16_ChallengeApp.swift in Sources */ = {isa = PBXBuildFile; fileRef = BCAC7AC62A25DBFC00AF5E26 /* Lesson16_ChallengeApp.swift */; };
		BCAC7AC92A25DBFC00AF5E26 /* KitapListesiView.swift in Sources */ = {isa = PBXBuildFile; fileRef = BCAC7AC82A25DBFC00AF5E26 /* KitapListesiView.swift */; };
		BCAC7ACB2A25DBFD00AF5E26 /* Assets.xcassets in Resources */ = {isa = PBXBuildFile; fileRef = BCAC7ACA2A25DBFD00AF5E26 /* Assets.xcassets */; };
		BCAC7ACE2A25DBFD00AF5E26 /* Preview Assets.xcassets in Resources */ = {isa = PBXBuildFile; fileRef = BCAC7ACD2A25DBFD00AF5E26 /* Preview Assets.xcassets */; };
		BCAC7ADA2A25DCE400AF5E26 /* Kitap.swift in Sources */ = {isa = PBXBuildFile; fileRef = BCAC7AD92A25DCE400AF5E26 /* Kitap.swift */; };
		BCAC7ADC2A25DD5000AF5E26 /* KitapModel.swift in Sources */ = {isa = PBXBuildFile; fileRef = BCAC7ADB2A25DD5000AF5E26 /* KitapModel.swift */; };
		BCAC7ADE2A25DDD600AF5E26 /* kitaplar.json in Resources */ = {isa = PBXBuildFile; fileRef = BCAC7ADD2A25DDD600AF5E26 /* kitaplar.json */; };
		BCAC7AE02A25E25300AF5E26 /* DataService.swift in Sources */ = {isa = PBXBuildFile; fileRef = BCAC7ADF2A25E25300AF5E26 /* DataService.swift */; };
		BCAC7AE22A25E7C000AF5E26 /* KitapView.swift in Sources */ = {isa = PBXBuildFile; fileRef = BCAC7AE12A25E7C000AF5E26 /* KitapView.swift */; };
		BCAC7AE42A25EA8900AF5E26 /* KitapDetayView.swift in Sources */ = {isa = PBXBuildFile; fileRef = BCAC7AE32A25EA8900AF5E26 /* KitapDetayView.swift */; };
/* End PBXBuildFile section */

/* Begin PBXFileReference section */
		BCAC7AC32A25DBFC00AF5E26 /* Lesson16 Challenge.app */ = {isa = PBXFileReference; explicitFileType = wrapper.application; includeInIndex = 0; path = "Lesson16 Challenge.app"; sourceTree = BUILT_PRODUCTS_DIR; };
		BCAC7AC62A25DBFC00AF5E26 /* Lesson16_ChallengeApp.swift */ = {isa = PBXFileReference; lastKnownFileType = sourcecode.swift; path = Lesson16_ChallengeApp.swift; sourceTree = "<group>"; };
		BCAC7AC82A25DBFC00AF5E26 /* KitapListesiView.swift */ = {isa = PBXFileReference; lastKnownFileType = sourcecode.swift; path = KitapListesiView.swift; sourceTree = "<group>"; };
		BCAC7ACA2A25DBFD00AF5E26 /* Assets.xcassets */ = {isa = PBXFileReference; lastKnownFileType = folder.assetcatalog; path = Assets.xcassets; sourceTree = "<group>"; };
		BCAC7ACD2A25DBFD00AF5E26 /* Preview Assets.xcassets */ = {isa = PBXFileReference; lastKnownFileType = folder.assetcatalog; path = "Preview Assets.xcassets"; sourceTree = "<group>"; };
		BCAC7AD92A25DCE400AF5E26 /* Kitap.swift */ = {isa = PBXFileReference; lastKnownFileType = sourcecode.swift; path = Kitap.swift; sourceTree = "<group>"; };
		BCAC7ADB2A25DD5000AF5E26 /* KitapModel.swift */ = {isa = PBXFileReference; lastKnownFileType = sourcecode.swift; path = KitapModel.swift; sourceTree = "<group>"; };
		BCAC7ADD2A25DDD600AF5E26 /* kitaplar.json */ = {isa = PBXFileReference; lastKnownFileType = text.json; path = kitaplar.json; sourceTree = "<group>"; };
		BCAC7ADF2A25E25300AF5E26 /* DataService.swift */ = {isa = PBXFileReference; lastKnownFileType = sourcecode.swift; path = DataService.swift; sourceTree = "<group>"; };
		BCAC7AE12A25E7C000AF5E26 /* KitapView.swift */ = {isa = PBXFileReference; lastKnownFileType = sourcecode.swift; path = KitapView.swift; sourceTree = "<group>"; };
		BCAC7AE32A25EA8900AF5E26 /* KitapDetayView.swift */ = {isa = PBXFileReference; lastKnownFileType = sourcecode.swift; path = KitapDetayView.swift; sourceTree = "<group>"; };
/* End PBXFileReference section */

/* Begin PBXFrameworksBuildPhase section */
		BCAC7AC02A25DBFC00AF5E26 /* Frameworks */ = {
			isa = PBXFrameworksBuildPhase;
			buildActionMask = 2147483647;
			files = (
			);
			runOnlyForDeploymentPostprocessing = 0;
		};
/* End PBXFrameworksBuildPhase section */

/* Begin PBXGroup section */
		BCAC7ABA2A25DBFC00AF5E26 = {
			isa = PBXGroup;
			children = (
				BCAC7AC52A25DBFC00AF5E26 /* Lesson16 Challenge */,
				BCAC7AC42A25DBFC00AF5E26 /* Products */,
			);
			sourceTree = "<group>";
		};
		BCAC7AC42A25DBFC00AF5E26 /* Products */ = {
			isa = PBXGroup;
			children = (
				BCAC7AC32A25DBFC00AF5E26 /* Lesson16 Challenge.app */,
			);
			name = Products;
			sourceTree = "<group>";
		};
		BCAC7AC52A25DBFC00AF5E26 /* Lesson16 Challenge */ = {
			isa = PBXGroup;
			children = (
				BCAC7AD42A25DC4E00AF5E26 /* Models */,
				BCAC7AD52A25DC5900AF5E26 /* ViewModels */,
				BCAC7AD62A25DC6300AF5E26 /* Views */,
				BCAC7AD82A25DC7600AF5E26 /* Data */,
				BCAC7AD72A25DC6E00AF5E26 /* Services */,
				BCAC7AC62A25DBFC00AF5E26 /* Lesson16_ChallengeApp.swift */,
				BCAC7ACA2A25DBFD00AF5E26 /* Assets.xcassets */,
				BCAC7ACC2A25DBFD00AF5E26 /* Preview Content */,
			);
			path = "Lesson16 Challenge";
			sourceTree = "<group>";
		};
		BCAC7ACC2A25DBFD00AF5E26 /* Preview Content */ = {
			isa = PBXGroup;
			children = (
				BCAC7ACD2A25DBFD00AF5E26 /* Preview Assets.xcassets */,
			);
			path = "Preview Content";
			sourceTree = "<group>";
		};
		BCAC7AD42A25DC4E00AF5E26 /* Models */ = {
			isa = PBXGroup;
			children = (
				BCAC7AD92A25DCE400AF5E26 /* Kitap.swift */,
			);
			path = Models;
			sourceTree = "<group>";
		};
		BCAC7AD52A25DC5900AF5E26 /* ViewModels */ = {
			isa = PBXGroup;
			children = (
				BCAC7ADB2A25DD5000AF5E26 /* KitapModel.swift */,
			);
			path = ViewModels;
			sourceTree = "<group>";
		};
		BCAC7AD62A25DC6300AF5E26 /* Views */ = {
			isa = PBXGroup;
			children = (
				BCAC7AC82A25DBFC00AF5E26 /* KitapListesiView.swift */,
				BCAC7AE12A25E7C000AF5E26 /* KitapView.swift */,
				BCAC7AE32A25EA8900AF5E26 /* KitapDetayView.swift */,
			);
			path = Views;
			sourceTree = "<group>";
		};
		BCAC7AD72A25DC6E00AF5E26 /* Services */ = {
			isa = PBXGroup;
			children = (
				BCAC7ADF2A25E25300AF5E26 /* DataService.swift */,
			);
			path = Services;
			sourceTree = "<group>";
		};
		BCAC7AD82A25DC7600AF5E26 /* Data */ = {
			isa = PBXGroup;
			children = (
				BCAC7ADD2A25DDD600AF5E26 /* kitaplar.json */,
			);
			path = Data;
			sourceTree = "<group>";
		};
/* End PBXGroup section */

/* Begin PBXNativeTarget section */
		BCAC7AC22A25DBFC00AF5E26 /* Lesson16 Challenge */ = {
			isa = PBXNativeTarget;
			buildConfigurationList = BCAC7AD12A25DBFD00AF5E26 /* Build configuration list for PBXNativeTarget "Lesson16 Challenge" */;
			buildPhases = (
				BCAC7ABF2A25DBFC00AF5E26 /* Sources */,
				BCAC7AC02A25DBFC00AF5E26 /* Frameworks */,
				BCAC7AC12A25DBFC00AF5E26 /* Resources */,
			);
			buildRules = (
			);
			dependencies = (
			);
			name = "Lesson16 Challenge";
			productName = "Lesson16 Challenge";
			productReference = BCAC7AC32A25DBFC00AF5E26 /* Lesson16 Challenge.app */;
			productType = "com.apple.product-type.application";
		};
/* End PBXNativeTarget section */

/* Begin PBXProject section */
		BCAC7ABB2A25DBFC00AF5E26 /* Project object */ = {
			isa = PBXProject;
			attributes = {
				BuildIndependentTargetsInParallel = 1;
				LastSwiftUpdateCheck = 1400;
				LastUpgradeCheck = 1400;
				TargetAttributes = {
					BCAC7AC22A25DBFC00AF5E26 = {
						CreatedOnToolsVersion = 14.0.1;
					};
				};
			};
			buildConfigurationList = BCAC7ABE2A25DBFC00AF5E26 /* Build configuration list for PBXProject "Lesson16 Challenge" */;
			compatibilityVersion = "Xcode 14.0";
			developmentRegion = en;
			hasScannedForEncodings = 0;
			knownRegions = (
				en,
				Base,
			);
			mainGroup = BCAC7ABA2A25DBFC00AF5E26;
			productRefGroup = BCAC7AC42A25DBFC00AF5E26 /* Products */;
			projectDirPath = "";
			projectRoot = "";
			targets = (
				BCAC7AC22A25DBFC00AF5E26 /* Lesson16 Challenge */,
			);
		};
/* End PBXProject section */

/* Begin PBXResourcesBuildPhase section */
		BCAC7AC12A25DBFC00AF5E26 /* Resources */ = {
			isa = PBXResourcesBuildPhase;
			buildActionMask = 2147483647;
			files = (
				BCAC7ACE2A25DBFD00AF5E26 /* Preview Assets.xcassets in Resources */,
				BCAC7ADE2A25DDD600AF5E26 /* kitaplar.json in Resources */,
				BCAC7ACB2A25DBFD00AF5E26 /* Assets.xcassets in Resources */,
			);
			runOnlyForDeploymentPostprocessing = 0;
		};
/* End PBXResourcesBuildPhase section */

/* Begin PBXSourcesBuildPhase section */
		BCAC7ABF2A25DBFC00AF5E26 /* Sources */ = {
			isa = PBXSourcesBuildPhase;
			buildActionMask = 2147483647;
			files = (
				BCAC7AC92A25DBFC00AF5E26 /* KitapListesiView.swift in Sources */,
				BCAC7AE42A25EA8900AF5E26 /* KitapDetayView.swift in Sources */,
				BCAC7ADA2A25DCE400AF5E26 /* Kitap.swift in Sources */,
				BCAC7AE22A25E7C000AF5E26 /* KitapView.swift in Sources */,
				BCAC7AC72A25DBFC00AF5E26 /* Lesson16_ChallengeApp.swift in Sources */,
				BCAC7ADC2A25DD5000AF5E26 /* KitapModel.swift in Sources */,
				BCAC7AE02A25E25300AF5E26 /* DataService.swift in Sources */,
			);
			runOnlyForDeploymentPostprocessing = 0;
		};
/* End PBXSourcesBuildPhase section */

/* Begin XCBuildConfiguration section */
		BCAC7ACF2A25DBFD00AF5E26 /* Debug */ = {
			isa = XCBuildConfiguration;
			buildSettings = {
				ALWAYS_SEARCH_USER_PATHS = NO;
				CLANG_ANALYZER_NONNULL = YES;
				CLANG_ANALYZER_NUMBER_OBJECT_CONVERSION = YES_AGGRESSIVE;
				CLANG_CXX_LANGUAGE_STANDARD = "gnu++20";
				CLANG_ENABLE_MODULES = YES;
				CLANG_ENABLE_OBJC_ARC = YES;
				CLANG_ENABLE_OBJC_WEAK = YES;
				CLANG_WARN_BLOCK_CAPTURE_AUTORELEASING = YES;
				CLANG_WARN_BOOL_CONVERSION = YES;
				CLANG_WARN_COMMA = YES;
				CLANG_WARN_CONSTANT_CONVERSION = YES;
				CLANG_WARN_DEPRECATED_OBJC_IMPLEMENTATIONS = YES;
				CLANG_WARN_DIRECT_OBJC_ISA_USAGE = YES_ERROR;
				CLANG_WARN_DOCUMENTATION_COMMENTS = YES;
				CLANG_WARN_EMPTY_BODY = YES;
				CLANG_WARN_ENUM_CONVERSION = YES;
				CLANG_WARN_INFINITE_RECURSION = YES;
				CLANG_WARN_INT_CONVERSION = YES;
				CLANG_WARN_NON_LITERAL_NULL_CONVERSION = YES;
				CLANG_WARN_OBJC_IMPLICIT_RETAIN_SELF = YES;
				CLANG_WARN_OBJC_LITERAL_CONVERSION = YES;
				CLANG_WARN_OBJC_ROOT_CLASS = YES_ERROR;
				CLANG_WARN_QUOTED_INCLUDE_IN_FRAMEWORK_HEADER = YES;
				CLANG_WARN_RANGE_LOOP_ANALYSIS = YES;
				CLANG_WARN_STRICT_PROTOTYPES = YES;
				CLANG_WARN_SUSPICIOUS_MOVE = YES;
				CLANG_WARN_UNGUARDED_AVAILABILITY = YES_AGGRESSIVE;
				CLANG_WARN_UNREACHABLE_CODE = YES;
				CLANG_WARN__DUPLICATE_METHOD_MATCH = YES;
				COPY_PHASE_STRIP = NO;
				DEBUG_INFORMATION_FORMAT = dwarf;
				ENABLE_STRICT_OBJC_MSGSEND = YES;
				ENABLE_TESTABILITY = YES;
				GCC_C_LANGUAGE_STANDARD = gnu11;
				GCC_DYNAMIC_NO_PIC = NO;
				GCC_NO_COMMON_BLOCKS = YES;
				GCC_OPTIMIZATION_LEVEL = 0;
				GCC_PREPROCESSOR_DEFINITIONS = (
					"DEBUG=1",
					"$(inherited)",
				);
				GCC_WARN_64_TO_32_BIT_CONVERSION = YES;
				GCC_WARN_ABOUT_RETURN_TYPE = YES_ERROR;
				GCC_WARN_UNDECLARED_SELECTOR = YES;
				GCC_WARN_UNINITIALIZED_AUTOS = YES_AGGRESSIVE;
				GCC_WARN_UNUSED_FUNCTION = YES;
				GCC_WARN_UNUSED_VARIABLE = YES;
				IPHONEOS_DEPLOYMENT_TARGET = 16.0;
				MTL_ENABLE_DEBUG_INFO = INCLUDE_SOURCE;
				MTL_FAST_MATH = YES;
				ONLY_ACTIVE_ARCH = YES;
				SDKROOT = iphoneos;
				SWIFT_ACTIVE_COMPILATION_CONDITIONS = DEBUG;
				SWIFT_OPTIMIZATION_LEVEL = "-Onone";
			};
			name = Debug;
		};
		BCAC7AD02A25DBFD00AF5E26 /* Release */ = {
			isa = XCBuildConfiguration;
			buildSettings = {
				ALWAYS_SEARCH_USER_PATHS = NO;
				CLANG_ANALYZER_NONNULL = YES;
				CLANG_ANALYZER_NUMBER_OBJECT_CONVERSION = YES_AGGRESSIVE;
				CLANG_CXX_LANGUAGE_STANDARD = "gnu++20";
				CLANG_ENABLE_MODULES = YES;
				CLANG_ENABLE_OBJC_ARC = YES;
				CLANG_ENABLE_OBJC_WEAK = YES;
				CLANG_WARN_BLOCK_CAPTURE_AUTORELEASING = YES;
				CLANG_WARN_BOOL_CONVERSION = YES;
				CLANG_WARN_COMMA = YES;
				CLANG_WARN_CONSTANT_CONVERSION = YES;
				CLANG_WARN_DEPRECATED_OBJC_IMPLEMENTATIONS = YES;
				CLANG_WARN_DIRECT_OBJC_ISA_USAGE = YES_ERROR;
				CLANG_WARN_DOCUMENTATION_COMMENTS = YES;
				CLANG_WARN_EMPTY_BODY = YES;
				CLANG_WARN_ENUM_CONVERSION = YES;
				CLANG_WARN_INFINITE_RECURSION = YES;
				CLANG_WARN_INT_CONVERSION = YES;
				CLANG_WARN_NON_LITERAL_NULL_CONVERSION = YES;
				CLANG_WARN_OBJC_IMPLICIT_RETAIN_SELF = YES;
				CLANG_WARN_OBJC_LITERAL_CONVERSION = YES;
				CLANG_WARN_OBJC_ROOT_CLASS = YES_ERROR;
				CLANG_WARN_QUOTED_INCLUDE_IN_FRAMEWORK_HEADER = YES;
				CLANG_WARN_RANGE_LOOP_ANALYSIS = YES;
				CLANG_WARN_STRICT_PROTOTYPES = YES;
				CLANG_WARN_SUSPICIOUS_MOVE = YES;
				CLANG_WARN_UNGUARDED_AVAILABILITY = YES_AGGRESSIVE;
				CLANG_WARN_UNREACHABLE_CODE = YES;
				CLANG_WARN__DUPLICATE_METHOD_MATCH = YES;
				COPY_PHASE_STRIP = NO;
				DEBUG_INFORMATION_FORMAT = "dwarf-with-dsym";
				ENABLE_NS_ASSERTIONS = NO;
				ENABLE_STRICT_OBJC_MSGSEND = YES;
				GCC_C_LANGUAGE_STANDARD = gnu11;
				GCC_NO_COMMON_BLOCKS = YES;
				GCC_WARN_64_TO_32_BIT_CONVERSION = YES;
				GCC_WARN_ABOUT_RETURN_TYPE = YES_ERROR;
				GCC_WARN_UNDECLARED_SELECTOR = YES;
				GCC_WARN_UNINITIALIZED_AUTOS = YES_AGGRESSIVE;
				GCC_WARN_UNUSED_FUNCTION = YES;
				GCC_WARN_UNUSED_VARIABLE = YES;
				IPHONEOS_DEPLOYMENT_TARGET = 16.0;
				MTL_ENABLE_DEBUG_INFO = NO;
				MTL_FAST_MATH = YES;
				SDKROOT = iphoneos;
				SWIFT_COMPILATION_MODE = wholemodule;
				SWIFT_OPTIMIZATION_LEVEL = "-O";
				VALIDATE_PRODUCT = YES;
			};
			name = Release;
		};
		BCAC7AD22A25DBFD00AF5E26 /* Debug */ = {
			isa = XCBuildConfiguration;
			buildSettings = {
				ASSETCATALOG_COMPILER_APPICON_NAME = AppIcon;
				ASSETCATALOG_COMPILER_GLOBAL_ACCENT_COLOR_NAME = AccentColor;
				CODE_SIGN_STYLE = Automatic;
				CURRENT_PROJECT_VERSION = 1;
				DEVELOPMENT_ASSET_PATHS = "\"Lesson16 Challenge/Preview Content\"";
				DEVELOPMENT_TEAM = 8A3CJP97YH;
				ENABLE_PREVIEWS = YES;
				GENERATE_INFOPLIST_FILE = YES;
				INFOPLIST_KEY_UIApplicationSceneManifest_Generation = YES;
				INFOPLIST_KEY_UIApplicationSupportsIndirectInputEvents = YES;
				INFOPLIST_KEY_UILaunchScreen_Generation = YES;
				INFOPLIST_KEY_UISupportedInterfaceOrientations_iPad = "UIInterfaceOrientationPortrait UIInterfaceOrientationPortraitUpsideDown UIInterfaceOrientationLandscapeLeft UIInterfaceOrientationLandscapeRight";
				INFOPLIST_KEY_UISupportedInterfaceOrientations_iPhone = "UIInterfaceOrientationPortrait UIInterfaceOrientationLandscapeLeft UIInterfaceOrientationLandscapeRight";
				LD_RUNPATH_SEARCH_PATHS = (
					"$(inherited)",
					"@executable_path/Frameworks",
				);
				MARKETING_VERSION = 1.0;
				PRODUCT_BUNDLE_IDENTIFIER = "bms.Lesson16-Challenge";
				PRODUCT_NAME = "$(TARGET_NAME)";
				SWIFT_EMIT_LOC_STRINGS = YES;
				SWIFT_VERSION = 5.0;
				TARGETED_DEVICE_FAMILY = "1,2";
			};
			name = Debug;
		};
		BCAC7AD32A25DBFD00AF5E26 /* Release */ = {
			isa = XCBuildConfiguration;
			buildSettings = {
				ASSETCATALOG_COMPILER_APPICON_NAME = AppIcon;
				ASSETCATALOG_COMPILER_GLOBAL_ACCENT_COLOR_NAME = AccentColor;
				CODE_SIGN_STYLE = Automatic;
				CURRENT_PROJECT_VERSION = 1;
				DEVELOPMENT_ASSET_PATHS = "\"Lesson16 Challenge/Preview Content\"";
				DEVELOPMENT_TEAM = 8A3CJP97YH;
				ENABLE_PREVIEWS = YES;
				GENERATE_INFOPLIST_FILE = YES;
				INFOPLIST_KEY_UIApplicationSceneManifest_Generation = YES;
				INFOPLIST_KEY_UIApplicationSupportsIndirectInputEvents = YES;
				INFOPLIST_KEY_UILaunchScreen_Generation = YES;
				INFOPLIST_KEY_UISupportedInterfaceOrientations_iPad = "UIInterfaceOrientationPortrait UIInterfaceOrientationPortraitUpsideDown UIInterfaceOrientationLandscapeLeft UIInterfaceOrientationLandscapeRight";
				INFOPLIST_KEY_UISupportedInterfaceOrientations_iPhone = "UIInterfaceOrientationPortrait UIInterfaceOrientationLandscapeLeft UIInterfaceOrientationLandscapeRight";
				LD_RUNPATH_SEARCH_PATHS = (
					"$(inherited)",
					"@executable_path/Frameworks",
				);
				MARKETING_VERSION = 1.0;
				PRODUCT_BUNDLE_IDENTIFIER = "bms.Lesson16-Challenge";
				PRODUCT_NAME = "$(TARGET_NAME)";
				SWIFT_EMIT_LOC_STRINGS = YES;
				SWIFT_VERSION = 5.0;
				TARGETED_DEVICE_FAMILY = "1,2";
			};
			name = Release;
		};
/* End XCBuildConfiguration section */

/* Begin XCConfigurationList section */
		BCAC7ABE2A25DBFC00AF5E26 /* Build configuration list for PBXProject "Lesson16 Challenge" */ = {
			isa = XCConfigurationList;
			buildConfigurations = (
				BCAC7ACF2A25DBFD00AF5E26 /* Debug */,
				BCAC7AD02A25DBFD00AF5E26 /* Release */,
			);
			defaultConfigurationIsVisible = 0;
			defaultConfigurationName = Release;
		};
		BCAC7AD12A25DBFD00AF5E26 /* Build configuration list for PBXNativeTarget "Lesson16 Challenge" */ = {
			isa = XCConfigurationList;
			buildConfigurations = (
				BCAC7AD22A25DBFD00AF5E26 /* Debug */,
				BCAC7AD32A25DBFD00AF5E26 /* Release */,
			);
			defaultConfigurationIsVisible = 0;
			defaultConfigurationName = Release;
		};
/* End XCConfigurationList section */
	};
	rootObject = BCAC7ABB2A25DBFC00AF5E26 /* Project object */;
}
